{
  "name": "@toptensoftware/irtx-node",
  "version": "1.0.4",
  "lockfileVersion": 3,
  "requires": true,
  "packages": {
    "": {
      "name": "@toptensoftware/irtx-node",
      "version": "1.0.4",
      "license": "MIT",
      "dependencies": {
        "@toptensoftware/binpack": "github:toptensoftware/binpack",
        "@toptensoftware/clargs": "github:toptensoftware/clargs"
      },
      "bin": {
        "irtx": "cli.js"
      }
    },
    "node_modules/@toptensoftware/binpack": {
      "version": "1.0.15",
      "resolved": "git+ssh://git@github.com/toptensoftware/binpack.git#9ba6db78263883f9d7f9f6543a899310398ee9f2",
      "license": "MIT",
      "dependencies": {
        "@toptensoftware/clargs": "github:toptensoftware/clargs"
      },
      "bin": {
        "binpack": "cli.js"
      }
    },
    "node_modules/@toptensoftware/clargs": {
      "version": "0.0.5",
      "resolved": "git+ssh://git@github.com/toptensoftware/clargs.git#19f623243b8a7de10865d52f1e3faa6b3b78525f",
      "license": "Apache-2.0"
    }
  }
}
